
Microsoft Visual Studio Solution File, Format Version 12.00
# Visual Studio Version 17
VisualStudioVersion = 17.9.34701.34
MinimumVisualStudioVersion = 10.0.40219.1
Project("{FAE04EC0-301F-11D3-BF4B-00C04F79EFBC}") = "TallerAPI_SL", "TallerAPI_SL\TallerAPI_SL.csproj", "{75AA94F1-EB8A-4C0F-9B18-3E070925EBB0}"
EndProject
Global
	GlobalSection(SolutionConfigurationPlatforms) = preSolution
		Debug|Any CPU = Debug|Any CPU
		Release|Any CPU = Release|Any CPU
	EndGlobalSection
	GlobalSection(ProjectConfigurationPlatforms) = postSolution
		{75AA94F1-EB8A-4C0F-9B18-3E070925EBB0}.Debug|Any CPU.ActiveCfg = Debug|Any CPU
		{75AA94F1-EB8A-4C0F-9B18-3E070925EBB0}.Debug|Any CPU.Build.0 = Debug|Any CPU
		{75AA94F1-EB8A-4C0F-9B18-3E070925EBB0}.Debug|Any CPU.Deploy.0 = Debug|Any CPU
		{75AA94F1-EB8A-4C0F-9B18-3E070925EBB0}.Release|Any CPU.ActiveCfg = Release|Any CPU
		{75AA94F1-EB8A-4C0F-9B18-3E070925EBB0}.Release|Any CPU.Build.0 = Release|Any CPU
		{75AA94F1-EB8A-4C0F-9B18-3E070925EBB0}.Release|Any CPU.Deploy.0 = Release|Any CPU
	EndGlobalSection
	GlobalSection(SolutionProperties) = preSolution
		HideSolutionNode = FALSE
	EndGlobalSection
	GlobalSection(ExtensibilityGlobals) = postSolution
		SolutionGuid = {055EA32E-B222-4E9E-B66A-1E4ABB8E343E}
	EndGlobalSection
EndGlobal
